
Microsoft Visual Studio Solution File, Format Version 12.00
# Visual Studio Version 17
VisualStudioVersion = 17.0.32014.148
MinimumVisualStudioVersion = 10.0.40219.1
Project("{2150E333-8FDC-42A3-9474-1A3956D46DE8}") = "src", "src", "{E473358D-2D2E-4133-9CD4-FAB02CE63744}"
EndProject
Project("{2150E333-8FDC-42A3-9474-1A3956D46DE8}") = "Services", "Services", "{5F0B062A-7568-4079-80EE-25829E27C85E}"
EndProject
Project("{2150E333-8FDC-42A3-9474-1A3956D46DE8}") = "Bots", "Bots", "{0A1960BB-E55F-45B0-A0CA-96A5907F35C3}"
EndProject
Project("{2150E333-8FDC-42A3-9474-1A3956D46DE8}") = "Web Apps", "Web Apps", "{06DDDBC5-244A-4C54-9CB6-1EBE75D4EB7E}"
EndProject
Project("{2150E333-8FDC-42A3-9474-1A3956D46DE8}") = "Telegram", "Telegram", "{58410731-E251-4BCD-9F2E-1E8A04948E06}"
EndProject
Project("{2150E333-8FDC-42A3-9474-1A3956D46DE8}") = "Discord", "Discord", "{9FFA6944-84AE-4D34-AF77-4717CFD30D48}"
EndProject
Project("{2150E333-8FDC-42A3-9474-1A3956D46DE8}") = "Admin", "Admin", "{6C5F8AE3-D03D-4196-85F6-2336988DDB89}"
EndProject
Project("{2150E333-8FDC-42A3-9474-1A3956D46DE8}") = "OpenTTD", "OpenTTD", "{99D5C630-95A2-4924-B3F2-E7E16E265F7F}"
EndProject
Project("{E53339B2-1760-4266-BCC7-CA923CBCF16C}") = "docker-compose", "docker-compose.dcproj", "{0DF950FE-FF81-44F3-9312-D910EB47BC56}"
EndProject
Project("{2150E333-8FDC-42A3-9474-1A3956D46DE8}") = "Shared", "Shared", "{632B2863-CDE3-4E94-B4D6-3F52520A9297}"
EndProject
Project("{9A19103F-16F7-4668-BE54-9A1E7A4F7556}") = "Common", "Shared\Common\Common.csproj", "{FDF6ECE3-4653-4685-8328-D78D4465E841}"
EndProject
Project("{FAE04EC0-301F-11D3-BF4B-00C04F79EFBC}") = "OpenTTD.AdminClient.Networking", "Shared\OpenTTD.AdminClient.Networking\OpenTTD.AdminClient.Networking.csproj", "{C33DD0A8-F5B3-4C3A-8B7A-2372FF4BDBA2}"
EndProject
Project("{FAE04EC0-301F-11D3-BF4B-00C04F79EFBC}") = "OpenTTD.AdminClient.Actors", "Services\OpenTTD\OpenTTD.AdminClient.Actors\OpenTTD.AdminClient.Actors.csproj", "{116D8E45-8961-497E-A750-DCEF5862EBEE}"
EndProject
Project("{FAE04EC0-301F-11D3-BF4B-00C04F79EFBC}") = "OpenTTD.AdminClient.API", "Services\OpenTTD\OpenTTD.AdminClient.API\OpenTTD.AdminClient.API.csproj", "{609E9FCD-01B9-4B63-8078-AE100132CE93}"
EndProject
Project("{2150E333-8FDC-42A3-9474-1A3956D46DE8}") = "GameServerGateway", "GameServerGateway", "{77D549F2-BAEE-4409-8B59-3DFC68B4BB5D}"
EndProject
Project("{FAE04EC0-301F-11D3-BF4B-00C04F79EFBC}") = "GameServerGateway.API", "Services\GameServerGateway\GameServerGateway.API\GameServerGateway.API.csproj", "{55A49A3C-EEFD-4BA1-8400-3F8EC45D7690}"
EndProject
Project("{FAE04EC0-301F-11D3-BF4B-00C04F79EFBC}") = "OpenTTD.AdminClient.Domain", "Services\OpenTTD\OpenTTD.AdminClient.Domain\OpenTTD.AdminClient.Domain.csproj", "{8565AEA5-624E-479E-BCC7-20AD29563EAB}"
EndProject
Project("{FAE04EC0-301F-11D3-BF4B-00C04F79EFBC}") = "OpenTTD.ConsoleTest", "Services\OpenTTD\OpenTTD.ConsoleTest\OpenTTD.ConsoleTest.csproj", "{646D9A39-3110-40AC-8AE9-FD40DC5DD144}"
EndProject
Project("{FAE04EC0-301F-11D3-BF4B-00C04F79EFBC}") = "IntegrationEvents", "Shared\IntegrationEvents\IntegrationEvents.csproj", "{FF8DD5A4-822E-4A15-AFE7-8788827B87A8}"
EndProject
Project("{FAE04EC0-301F-11D3-BF4B-00C04F79EFBC}") = "OpenTTD.StateService.API", "Services\OpenTTD\OpenTTD.StateService.API\OpenTTD.StateService.API.csproj", "{5785C6A2-17FB-4B93-A5E6-FA8A0F3ED235}"
EndProject
Project("{FAE04EC0-301F-11D3-BF4B-00C04F79EFBC}") = "OpenTTD.StateService.Domain", "Services\OpenTTD\OpenTTD.StateService.Domain\OpenTTD.StateService.Domain.csproj", "{78A5AD3A-04CC-4EAD-AF50-DBE10CA24E62}"
EndProject
Project("{2150E333-8FDC-42A3-9474-1A3956D46DE8}") = "Tests", "Tests", "{7600CD3A-B014-47FB-954B-841FB0E8F1BF}"
EndProject
Project("{FAE04EC0-301F-11D3-BF4B-00C04F79EFBC}") = "OpenTTD.StateService.Domain.Tests", "Services\OpenTTD\Tests\OpenTTD.StateService.Domain.Tests\OpenTTD.StateService.Domain.Tests.csproj", "{4BAC8799-7149-411A-A5FB-1BCB8F4ABDF9}"
EndProject
Project("{FAE04EC0-301F-11D3-BF4B-00C04F79EFBC}") = "OpenTTD.StateService.DataAccess", "Services\OpenTTD\OpenTTD.StateService.DataAccess\OpenTTD.StateService.DataAccess.csproj", "{8C961B92-154E-4E02-9937-F91598852EE0}"
EndProject
Project("{2150E333-8FDC-42A3-9474-1A3956D46DE8}") = "ServerAdmin", "ServerAdmin", "{CFE01489-8CAC-43E0-83C6-AC5B684B7679}"
EndProject
Project("{2150E333-8FDC-42A3-9474-1A3956D46DE8}") = "ServerServices", "ServerServices", "{8A44341A-CB80-4A64-BFF5-00D52E49FADD}"
EndProject
Project("{2150E333-8FDC-42A3-9474-1A3956D46DE8}") = "BuildingBlocks", "BuildingBlocks", "{5D4251DE-045C-4D86-B0E0-C1A834EE20CF}"
EndProject
Project("{FAE04EC0-301F-11D3-BF4B-00C04F79EFBC}") = "DataAccess", "BuildingBlocks\DataAccess\DataAccess.csproj", "{AEB12966-9726-432D-B49C-3F16A4F68213}"
EndProject
Project("{FAE04EC0-301F-11D3-BF4B-00C04F79EFBC}") = "IntegrationCommands", "Shared\IntegrationCommands\IntegrationCommands.csproj", "{8B6FBAEC-FB44-429E-A800-BB8E2D926C03}"
EndProject
Global
	GlobalSection(SolutionConfigurationPlatforms) = preSolution
		Debug|Any CPU = Debug|Any CPU
		Release|Any CPU = Release|Any CPU
	EndGlobalSection
	GlobalSection(ProjectConfigurationPlatforms) = postSolution
		{0DF950FE-FF81-44F3-9312-D910EB47BC56}.Debug|Any CPU.ActiveCfg = Debug|Any CPU
		{0DF950FE-FF81-44F3-9312-D910EB47BC56}.Debug|Any CPU.Build.0 = Debug|Any CPU
		{0DF950FE-FF81-44F3-9312-D910EB47BC56}.Release|Any CPU.ActiveCfg = Release|Any CPU
		{0DF950FE-FF81-44F3-9312-D910EB47BC56}.Release|Any CPU.Build.0 = Release|Any CPU
		{FDF6ECE3-4653-4685-8328-D78D4465E841}.Debug|Any CPU.ActiveCfg = Debug|Any CPU
		{FDF6ECE3-4653-4685-8328-D78D4465E841}.Debug|Any CPU.Build.0 = Debug|Any CPU
		{FDF6ECE3-4653-4685-8328-D78D4465E841}.Release|Any CPU.ActiveCfg = Release|Any CPU
		{FDF6ECE3-4653-4685-8328-D78D4465E841}.Release|Any CPU.Build.0 = Release|Any CPU
		{C33DD0A8-F5B3-4C3A-8B7A-2372FF4BDBA2}.Debug|Any CPU.ActiveCfg = Debug|Any CPU
		{C33DD0A8-F5B3-4C3A-8B7A-2372FF4BDBA2}.Debug|Any CPU.Build.0 = Debug|Any CPU
		{C33DD0A8-F5B3-4C3A-8B7A-2372FF4BDBA2}.Release|Any CPU.ActiveCfg = Release|Any CPU
		{C33DD0A8-F5B3-4C3A-8B7A-2372FF4BDBA2}.Release|Any CPU.Build.0 = Release|Any CPU
		{116D8E45-8961-497E-A750-DCEF5862EBEE}.Debug|Any CPU.ActiveCfg = Debug|Any CPU
		{116D8E45-8961-497E-A750-DCEF5862EBEE}.Debug|Any CPU.Build.0 = Debug|Any CPU
		{116D8E45-8961-497E-A750-DCEF5862EBEE}.Release|Any CPU.ActiveCfg = Release|Any CPU
		{116D8E45-8961-497E-A750-DCEF5862EBEE}.Release|Any CPU.Build.0 = Release|Any CPU
		{609E9FCD-01B9-4B63-8078-AE100132CE93}.Debug|Any CPU.ActiveCfg = Debug|Any CPU
		{609E9FCD-01B9-4B63-8078-AE100132CE93}.Debug|Any CPU.Build.0 = Debug|Any CPU
		{609E9FCD-01B9-4B63-8078-AE100132CE93}.Release|Any CPU.ActiveCfg = Release|Any CPU
		{609E9FCD-01B9-4B63-8078-AE100132CE93}.Release|Any CPU.Build.0 = Release|Any CPU
		{55A49A3C-EEFD-4BA1-8400-3F8EC45D7690}.Debug|Any CPU.ActiveCfg = Debug|Any CPU
		{55A49A3C-EEFD-4BA1-8400-3F8EC45D7690}.Debug|Any CPU.Build.0 = Debug|Any CPU
		{55A49A3C-EEFD-4BA1-8400-3F8EC45D7690}.Release|Any CPU.ActiveCfg = Release|Any CPU
		{55A49A3C-EEFD-4BA1-8400-3F8EC45D7690}.Release|Any CPU.Build.0 = Release|Any CPU
		{8565AEA5-624E-479E-BCC7-20AD29563EAB}.Debug|Any CPU.ActiveCfg = Debug|Any CPU
		{8565AEA5-624E-479E-BCC7-20AD29563EAB}.Debug|Any CPU.Build.0 = Debug|Any CPU
		{8565AEA5-624E-479E-BCC7-20AD29563EAB}.Release|Any CPU.ActiveCfg = Release|Any CPU
		{8565AEA5-624E-479E-BCC7-20AD29563EAB}.Release|Any CPU.Build.0 = Release|Any CPU
		{646D9A39-3110-40AC-8AE9-FD40DC5DD144}.Debug|Any CPU.ActiveCfg = Debug|Any CPU
		{646D9A39-3110-40AC-8AE9-FD40DC5DD144}.Debug|Any CPU.Build.0 = Debug|Any CPU
		{646D9A39-3110-40AC-8AE9-FD40DC5DD144}.Release|Any CPU.ActiveCfg = Release|Any CPU
		{646D9A39-3110-40AC-8AE9-FD40DC5DD144}.Release|Any CPU.Build.0 = Release|Any CPU
		{FF8DD5A4-822E-4A15-AFE7-8788827B87A8}.Debug|Any CPU.ActiveCfg = Debug|Any CPU
		{FF8DD5A4-822E-4A15-AFE7-8788827B87A8}.Debug|Any CPU.Build.0 = Debug|Any CPU
		{FF8DD5A4-822E-4A15-AFE7-8788827B87A8}.Release|Any CPU.ActiveCfg = Release|Any CPU
		{FF8DD5A4-822E-4A15-AFE7-8788827B87A8}.Release|Any CPU.Build.0 = Release|Any CPU
		{5785C6A2-17FB-4B93-A5E6-FA8A0F3ED235}.Debug|Any CPU.ActiveCfg = Debug|Any CPU
		{5785C6A2-17FB-4B93-A5E6-FA8A0F3ED235}.Debug|Any CPU.Build.0 = Debug|Any CPU
		{5785C6A2-17FB-4B93-A5E6-FA8A0F3ED235}.Release|Any CPU.ActiveCfg = Release|Any CPU
		{5785C6A2-17FB-4B93-A5E6-FA8A0F3ED235}.Release|Any CPU.Build.0 = Release|Any CPU
		{78A5AD3A-04CC-4EAD-AF50-DBE10CA24E62}.Debug|Any CPU.ActiveCfg = Debug|Any CPU
		{78A5AD3A-04CC-4EAD-AF50-DBE10CA24E62}.Debug|Any CPU.Build.0 = Debug|Any CPU
		{78A5AD3A-04CC-4EAD-AF50-DBE10CA24E62}.Release|Any CPU.ActiveCfg = Release|Any CPU
		{78A5AD3A-04CC-4EAD-AF50-DBE10CA24E62}.Release|Any CPU.Build.0 = Release|Any CPU
		{4BAC8799-7149-411A-A5FB-1BCB8F4ABDF9}.Debug|Any CPU.ActiveCfg = Debug|Any CPU
		{4BAC8799-7149-411A-A5FB-1BCB8F4ABDF9}.Debug|Any CPU.Build.0 = Debug|Any CPU
		{4BAC8799-7149-411A-A5FB-1BCB8F4ABDF9}.Release|Any CPU.ActiveCfg = Release|Any CPU
		{4BAC8799-7149-411A-A5FB-1BCB8F4ABDF9}.Release|Any CPU.Build.0 = Release|Any CPU
		{8C961B92-154E-4E02-9937-F91598852EE0}.Debug|Any CPU.ActiveCfg = Debug|Any CPU
		{8C961B92-154E-4E02-9937-F91598852EE0}.Debug|Any CPU.Build.0 = Debug|Any CPU
		{8C961B92-154E-4E02-9937-F91598852EE0}.Release|Any CPU.ActiveCfg = Release|Any CPU
		{8C961B92-154E-4E02-9937-F91598852EE0}.Release|Any CPU.Build.0 = Release|Any CPU
		{AEB12966-9726-432D-B49C-3F16A4F68213}.Debug|Any CPU.ActiveCfg = Debug|Any CPU
		{AEB12966-9726-432D-B49C-3F16A4F68213}.Debug|Any CPU.Build.0 = Debug|Any CPU
		{AEB12966-9726-432D-B49C-3F16A4F68213}.Release|Any CPU.ActiveCfg = Release|Any CPU
		{AEB12966-9726-432D-B49C-3F16A4F68213}.Release|Any CPU.Build.0 = Release|Any CPU
		{8B6FBAEC-FB44-429E-A800-BB8E2D926C03}.Debug|Any CPU.ActiveCfg = Debug|Any CPU
		{8B6FBAEC-FB44-429E-A800-BB8E2D926C03}.Debug|Any CPU.Build.0 = Debug|Any CPU
		{8B6FBAEC-FB44-429E-A800-BB8E2D926C03}.Release|Any CPU.ActiveCfg = Release|Any CPU
		{8B6FBAEC-FB44-429E-A800-BB8E2D926C03}.Release|Any CPU.Build.0 = Release|Any CPU
	EndGlobalSection
	GlobalSection(SolutionProperties) = preSolution
		HideSolutionNode = FALSE
	EndGlobalSection
	GlobalSection(NestedProjects) = preSolution
		{5F0B062A-7568-4079-80EE-25829E27C85E} = {E473358D-2D2E-4133-9CD4-FAB02CE63744}
		{0A1960BB-E55F-45B0-A0CA-96A5907F35C3} = {E473358D-2D2E-4133-9CD4-FAB02CE63744}
		{06DDDBC5-244A-4C54-9CB6-1EBE75D4EB7E} = {E473358D-2D2E-4133-9CD4-FAB02CE63744}
		{58410731-E251-4BCD-9F2E-1E8A04948E06} = {0A1960BB-E55F-45B0-A0CA-96A5907F35C3}
		{9FFA6944-84AE-4D34-AF77-4717CFD30D48} = {0A1960BB-E55F-45B0-A0CA-96A5907F35C3}
		{6C5F8AE3-D03D-4196-85F6-2336988DDB89} = {06DDDBC5-244A-4C54-9CB6-1EBE75D4EB7E}
		{99D5C630-95A2-4924-B3F2-E7E16E265F7F} = {5F0B062A-7568-4079-80EE-25829E27C85E}
		{632B2863-CDE3-4E94-B4D6-3F52520A9297} = {E473358D-2D2E-4133-9CD4-FAB02CE63744}
		{FDF6ECE3-4653-4685-8328-D78D4465E841} = {632B2863-CDE3-4E94-B4D6-3F52520A9297}
		{77D549F2-BAEE-4409-8B59-3DFC68B4BB5D} = {5F0B062A-7568-4079-80EE-25829E27C85E}
		{55A49A3C-EEFD-4BA1-8400-3F8EC45D7690} = {77D549F2-BAEE-4409-8B59-3DFC68B4BB5D}
		{FF8DD5A4-822E-4A15-AFE7-8788827B87A8} = {632B2863-CDE3-4E94-B4D6-3F52520A9297}
		{7600CD3A-B014-47FB-954B-841FB0E8F1BF} = {99D5C630-95A2-4924-B3F2-E7E16E265F7F}
		{4BAC8799-7149-411A-A5FB-1BCB8F4ABDF9} = {7600CD3A-B014-47FB-954B-841FB0E8F1BF}
		{CFE01489-8CAC-43E0-83C6-AC5B684B7679} = {99D5C630-95A2-4924-B3F2-E7E16E265F7F}
		{8A44341A-CB80-4A64-BFF5-00D52E49FADD} = {99D5C630-95A2-4924-B3F2-E7E16E265F7F}
		{116D8E45-8961-497E-A750-DCEF5862EBEE} = {CFE01489-8CAC-43E0-83C6-AC5B684B7679}
		{609E9FCD-01B9-4B63-8078-AE100132CE93} = {CFE01489-8CAC-43E0-83C6-AC5B684B7679}
		{8565AEA5-624E-479E-BCC7-20AD29563EAB} = {CFE01489-8CAC-43E0-83C6-AC5B684B7679}
		{C33DD0A8-F5B3-4C3A-8B7A-2372FF4BDBA2} = {CFE01489-8CAC-43E0-83C6-AC5B684B7679}
		{78A5AD3A-04CC-4EAD-AF50-DBE10CA24E62} = {8A44341A-CB80-4A64-BFF5-00D52E49FADD}
		{5785C6A2-17FB-4B93-A5E6-FA8A0F3ED235} = {8A44341A-CB80-4A64-BFF5-00D52E49FADD}
		{8C961B92-154E-4E02-9937-F91598852EE0} = {8A44341A-CB80-4A64-BFF5-00D52E49FADD}
		{646D9A39-3110-40AC-8AE9-FD40DC5DD144} = {7600CD3A-B014-47FB-954B-841FB0E8F1BF}
		{5D4251DE-045C-4D86-B0E0-C1A834EE20CF} = {E473358D-2D2E-4133-9CD4-FAB02CE63744}
		{AEB12966-9726-432D-B49C-3F16A4F68213} = {5D4251DE-045C-4D86-B0E0-C1A834EE20CF}
		{8B6FBAEC-FB44-429E-A800-BB8E2D926C03} = {632B2863-CDE3-4E94-B4D6-3F52520A9297}
	EndGlobalSection
	GlobalSection(ExtensibilityGlobals) = postSolution
		SolutionGuid = {1B01EB61-45F2-4DF5-97A2-4101DA40ACF4}
	EndGlobalSection
EndGlobal
