
Microsoft Visual Studio Solution File, Format Version 12.00
# Visual Studio Version 17
VisualStudioVersion = 17.0.32014.148
MinimumVisualStudioVersion = 10.0.40219.1
Project("{2150E333-8FDC-42A3-9474-1A3956D46DE8}") = "src", "src", "{E473358D-2D2E-4133-9CD4-FAB02CE63744}"
EndProject
Project("{2150E333-8FDC-42A3-9474-1A3956D46DE8}") = "Services", "Services", "{5F0B062A-7568-4079-80EE-25829E27C85E}"
EndProject
Project("{2150E333-8FDC-42A3-9474-1A3956D46DE8}") = "Bots", "Bots", "{0A1960BB-E55F-45B0-A0CA-96A5907F35C3}"
EndProject
Project("{2150E333-8FDC-42A3-9474-1A3956D46DE8}") = "Web Apps", "Web Apps", "{06DDDBC5-244A-4C54-9CB6-1EBE75D4EB7E}"
EndProject
Project("{2150E333-8FDC-42A3-9474-1A3956D46DE8}") = "Telegram", "Telegram", "{58410731-E251-4BCD-9F2E-1E8A04948E06}"
EndProject
Project("{2150E333-8FDC-42A3-9474-1A3956D46DE8}") = "Discord", "Discord", "{9FFA6944-84AE-4D34-AF77-4717CFD30D48}"
EndProject
Project("{2150E333-8FDC-42A3-9474-1A3956D46DE8}") = "Admin", "Admin", "{6C5F8AE3-D03D-4196-85F6-2336988DDB89}"
EndProject
Project("{2150E333-8FDC-42A3-9474-1A3956D46DE8}") = "OpenTTD", "OpenTTD", "{99D5C630-95A2-4924-B3F2-E7E16E265F7F}"
EndProject
Project("{E53339B2-1760-4266-BCC7-CA923CBCF16C}") = "docker-compose", "docker-compose.dcproj", "{0DF950FE-FF81-44F3-9312-D910EB47BC56}"
EndProject
Project("{2150E333-8FDC-42A3-9474-1A3956D46DE8}") = "Shared", "Shared", "{632B2863-CDE3-4E94-B4D6-3F52520A9297}"
EndProject
Project("{9A19103F-16F7-4668-BE54-9A1E7A4F7556}") = "Common", "Shared\Common\Common.csproj", "{FDF6ECE3-4653-4685-8328-D78D4465E841}"
EndProject
Project("{FAE04EC0-301F-11D3-BF4B-00C04F79EFBC}") = "AdminApp.Server", "WebApps\Admin\AdminApp\Server\AdminApp.Server.csproj", "{262C634E-D987-4E4D-93EA-B8593736D9EC}"
EndProject
Project("{FAE04EC0-301F-11D3-BF4B-00C04F79EFBC}") = "AdminApp.Client", "WebApps\Admin\AdminApp\Client\AdminApp.Client.csproj", "{F1D873E1-4BA2-497B-8A6E-090F8E05494F}"
EndProject
Project("{FAE04EC0-301F-11D3-BF4B-00C04F79EFBC}") = "AdminApp.Shared", "WebApps\Admin\AdminApp\Shared\AdminApp.Shared.csproj", "{0ADF1961-EA99-4AEE-8FF9-0F91D73E8846}"
EndProject
Project("{FAE04EC0-301F-11D3-BF4B-00C04F79EFBC}") = "OpenTTD.Networking", "Shared\OpenTTD.Networking\OpenTTD.Networking.csproj", "{C33DD0A8-F5B3-4C3A-8B7A-2372FF4BDBA2}"
EndProject
Project("{FAE04EC0-301F-11D3-BF4B-00C04F79EFBC}") = "OpenTTD.Actors", "Services\OpenTTD\OpenTTD.Actors\OpenTTD.Actors.csproj", "{116D8E45-8961-497E-A750-DCEF5862EBEE}"
EndProject
Project("{FAE04EC0-301F-11D3-BF4B-00C04F79EFBC}") = "OpenTTD.AdminClient", "Services\OpenTTD\OpenTTD.AdminClient\OpenTTD.AdminClient.csproj", "{609E9FCD-01B9-4B63-8078-AE100132CE93}"
EndProject
Project("{2150E333-8FDC-42A3-9474-1A3956D46DE8}") = "GameServerGateway", "GameServerGateway", "{77D549F2-BAEE-4409-8B59-3DFC68B4BB5D}"
EndProject
Project("{FAE04EC0-301F-11D3-BF4B-00C04F79EFBC}") = "GameServerGateway.API", "Services\GameServerGateway\GameServerGateway.API\GameServerGateway.API.csproj", "{55A49A3C-EEFD-4BA1-8400-3F8EC45D7690}"
EndProject
Project("{FAE04EC0-301F-11D3-BF4B-00C04F79EFBC}") = "OpenTTD.Domain", "Services\OpenTTD\OpenTTD.Domain\OpenTTD.Domain.csproj", "{8565AEA5-624E-479E-BCC7-20AD29563EAB}"
EndProject
Project("{2150E333-8FDC-42A3-9474-1A3956D46DE8}") = "BuildingBlocks", "BuildingBlocks", "{E5A325EB-AD19-43D5-A35F-DD2C49234D51}"
EndProject
Project("{2150E333-8FDC-42A3-9474-1A3956D46DE8}") = "EventBus", "EventBus", "{5DA3A27D-538C-4DC2-B595-5614588069C9}"
EndProject
Project("{FAE04EC0-301F-11D3-BF4B-00C04F79EFBC}") = "EventBus", "BuildingBlocks\EventBus\EventBus\EventBus.csproj", "{6DE504E5-B5D5-43AB-A396-EB4AEAE2C2AF}"
EndProject
Project("{FAE04EC0-301F-11D3-BF4B-00C04F79EFBC}") = "EventBusKafka", "BuildingBlocks\EventBus\EventBusKafka\EventBusKafka.csproj", "{AA4938B0-02AF-4430-9713-4131309B870F}"
EndProject
Global
	GlobalSection(SolutionConfigurationPlatforms) = preSolution
		Debug|Any CPU = Debug|Any CPU
		Release|Any CPU = Release|Any CPU
	EndGlobalSection
	GlobalSection(ProjectConfigurationPlatforms) = postSolution
		{0DF950FE-FF81-44F3-9312-D910EB47BC56}.Debug|Any CPU.ActiveCfg = Debug|Any CPU
		{0DF950FE-FF81-44F3-9312-D910EB47BC56}.Debug|Any CPU.Build.0 = Debug|Any CPU
		{0DF950FE-FF81-44F3-9312-D910EB47BC56}.Release|Any CPU.ActiveCfg = Release|Any CPU
		{0DF950FE-FF81-44F3-9312-D910EB47BC56}.Release|Any CPU.Build.0 = Release|Any CPU
		{FDF6ECE3-4653-4685-8328-D78D4465E841}.Debug|Any CPU.ActiveCfg = Debug|Any CPU
		{FDF6ECE3-4653-4685-8328-D78D4465E841}.Debug|Any CPU.Build.0 = Debug|Any CPU
		{FDF6ECE3-4653-4685-8328-D78D4465E841}.Release|Any CPU.ActiveCfg = Release|Any CPU
		{FDF6ECE3-4653-4685-8328-D78D4465E841}.Release|Any CPU.Build.0 = Release|Any CPU
		{262C634E-D987-4E4D-93EA-B8593736D9EC}.Debug|Any CPU.ActiveCfg = Debug|Any CPU
		{262C634E-D987-4E4D-93EA-B8593736D9EC}.Debug|Any CPU.Build.0 = Debug|Any CPU
		{262C634E-D987-4E4D-93EA-B8593736D9EC}.Release|Any CPU.ActiveCfg = Release|Any CPU
		{262C634E-D987-4E4D-93EA-B8593736D9EC}.Release|Any CPU.Build.0 = Release|Any CPU
		{F1D873E1-4BA2-497B-8A6E-090F8E05494F}.Debug|Any CPU.ActiveCfg = Debug|Any CPU
		{F1D873E1-4BA2-497B-8A6E-090F8E05494F}.Debug|Any CPU.Build.0 = Debug|Any CPU
		{F1D873E1-4BA2-497B-8A6E-090F8E05494F}.Release|Any CPU.ActiveCfg = Release|Any CPU
		{F1D873E1-4BA2-497B-8A6E-090F8E05494F}.Release|Any CPU.Build.0 = Release|Any CPU
		{0ADF1961-EA99-4AEE-8FF9-0F91D73E8846}.Debug|Any CPU.ActiveCfg = Debug|Any CPU
		{0ADF1961-EA99-4AEE-8FF9-0F91D73E8846}.Debug|Any CPU.Build.0 = Debug|Any CPU
		{0ADF1961-EA99-4AEE-8FF9-0F91D73E8846}.Release|Any CPU.ActiveCfg = Release|Any CPU
		{0ADF1961-EA99-4AEE-8FF9-0F91D73E8846}.Release|Any CPU.Build.0 = Release|Any CPU
		{C33DD0A8-F5B3-4C3A-8B7A-2372FF4BDBA2}.Debug|Any CPU.ActiveCfg = Debug|Any CPU
		{C33DD0A8-F5B3-4C3A-8B7A-2372FF4BDBA2}.Debug|Any CPU.Build.0 = Debug|Any CPU
		{C33DD0A8-F5B3-4C3A-8B7A-2372FF4BDBA2}.Release|Any CPU.ActiveCfg = Release|Any CPU
		{C33DD0A8-F5B3-4C3A-8B7A-2372FF4BDBA2}.Release|Any CPU.Build.0 = Release|Any CPU
		{116D8E45-8961-497E-A750-DCEF5862EBEE}.Debug|Any CPU.ActiveCfg = Debug|Any CPU
		{116D8E45-8961-497E-A750-DCEF5862EBEE}.Debug|Any CPU.Build.0 = Debug|Any CPU
		{116D8E45-8961-497E-A750-DCEF5862EBEE}.Release|Any CPU.ActiveCfg = Release|Any CPU
		{116D8E45-8961-497E-A750-DCEF5862EBEE}.Release|Any CPU.Build.0 = Release|Any CPU
		{609E9FCD-01B9-4B63-8078-AE100132CE93}.Debug|Any CPU.ActiveCfg = Debug|Any CPU
		{609E9FCD-01B9-4B63-8078-AE100132CE93}.Debug|Any CPU.Build.0 = Debug|Any CPU
		{609E9FCD-01B9-4B63-8078-AE100132CE93}.Release|Any CPU.ActiveCfg = Release|Any CPU
		{609E9FCD-01B9-4B63-8078-AE100132CE93}.Release|Any CPU.Build.0 = Release|Any CPU
		{55A49A3C-EEFD-4BA1-8400-3F8EC45D7690}.Debug|Any CPU.ActiveCfg = Debug|Any CPU
		{55A49A3C-EEFD-4BA1-8400-3F8EC45D7690}.Debug|Any CPU.Build.0 = Debug|Any CPU
		{55A49A3C-EEFD-4BA1-8400-3F8EC45D7690}.Release|Any CPU.ActiveCfg = Release|Any CPU
		{55A49A3C-EEFD-4BA1-8400-3F8EC45D7690}.Release|Any CPU.Build.0 = Release|Any CPU
		{8565AEA5-624E-479E-BCC7-20AD29563EAB}.Debug|Any CPU.ActiveCfg = Debug|Any CPU
		{8565AEA5-624E-479E-BCC7-20AD29563EAB}.Debug|Any CPU.Build.0 = Debug|Any CPU
		{8565AEA5-624E-479E-BCC7-20AD29563EAB}.Release|Any CPU.ActiveCfg = Release|Any CPU
		{8565AEA5-624E-479E-BCC7-20AD29563EAB}.Release|Any CPU.Build.0 = Release|Any CPU
		{6DE504E5-B5D5-43AB-A396-EB4AEAE2C2AF}.Debug|Any CPU.ActiveCfg = Debug|Any CPU
		{6DE504E5-B5D5-43AB-A396-EB4AEAE2C2AF}.Debug|Any CPU.Build.0 = Debug|Any CPU
		{6DE504E5-B5D5-43AB-A396-EB4AEAE2C2AF}.Release|Any CPU.ActiveCfg = Release|Any CPU
		{6DE504E5-B5D5-43AB-A396-EB4AEAE2C2AF}.Release|Any CPU.Build.0 = Release|Any CPU
		{AA4938B0-02AF-4430-9713-4131309B870F}.Debug|Any CPU.ActiveCfg = Debug|Any CPU
		{AA4938B0-02AF-4430-9713-4131309B870F}.Debug|Any CPU.Build.0 = Debug|Any CPU
		{AA4938B0-02AF-4430-9713-4131309B870F}.Release|Any CPU.ActiveCfg = Release|Any CPU
		{AA4938B0-02AF-4430-9713-4131309B870F}.Release|Any CPU.Build.0 = Release|Any CPU
	EndGlobalSection
	GlobalSection(SolutionProperties) = preSolution
		HideSolutionNode = FALSE
	EndGlobalSection
	GlobalSection(NestedProjects) = preSolution
		{5F0B062A-7568-4079-80EE-25829E27C85E} = {E473358D-2D2E-4133-9CD4-FAB02CE63744}
		{0A1960BB-E55F-45B0-A0CA-96A5907F35C3} = {E473358D-2D2E-4133-9CD4-FAB02CE63744}
		{06DDDBC5-244A-4C54-9CB6-1EBE75D4EB7E} = {E473358D-2D2E-4133-9CD4-FAB02CE63744}
		{58410731-E251-4BCD-9F2E-1E8A04948E06} = {0A1960BB-E55F-45B0-A0CA-96A5907F35C3}
		{9FFA6944-84AE-4D34-AF77-4717CFD30D48} = {0A1960BB-E55F-45B0-A0CA-96A5907F35C3}
		{6C5F8AE3-D03D-4196-85F6-2336988DDB89} = {06DDDBC5-244A-4C54-9CB6-1EBE75D4EB7E}
		{99D5C630-95A2-4924-B3F2-E7E16E265F7F} = {5F0B062A-7568-4079-80EE-25829E27C85E}
		{632B2863-CDE3-4E94-B4D6-3F52520A9297} = {E473358D-2D2E-4133-9CD4-FAB02CE63744}
		{FDF6ECE3-4653-4685-8328-D78D4465E841} = {632B2863-CDE3-4E94-B4D6-3F52520A9297}
		{262C634E-D987-4E4D-93EA-B8593736D9EC} = {6C5F8AE3-D03D-4196-85F6-2336988DDB89}
		{F1D873E1-4BA2-497B-8A6E-090F8E05494F} = {6C5F8AE3-D03D-4196-85F6-2336988DDB89}
		{0ADF1961-EA99-4AEE-8FF9-0F91D73E8846} = {6C5F8AE3-D03D-4196-85F6-2336988DDB89}
		{116D8E45-8961-497E-A750-DCEF5862EBEE} = {99D5C630-95A2-4924-B3F2-E7E16E265F7F}
		{609E9FCD-01B9-4B63-8078-AE100132CE93} = {99D5C630-95A2-4924-B3F2-E7E16E265F7F}
		{C33DD0A8-F5B3-4C3A-8B7A-2372FF4BDBA2} = {99D5C630-95A2-4924-B3F2-E7E16E265F7F}
		{77D549F2-BAEE-4409-8B59-3DFC68B4BB5D} = {5F0B062A-7568-4079-80EE-25829E27C85E}
		{55A49A3C-EEFD-4BA1-8400-3F8EC45D7690} = {77D549F2-BAEE-4409-8B59-3DFC68B4BB5D}
		{8565AEA5-624E-479E-BCC7-20AD29563EAB} = {99D5C630-95A2-4924-B3F2-E7E16E265F7F}
		{E5A325EB-AD19-43D5-A35F-DD2C49234D51} = {E473358D-2D2E-4133-9CD4-FAB02CE63744}
		{5DA3A27D-538C-4DC2-B595-5614588069C9} = {E5A325EB-AD19-43D5-A35F-DD2C49234D51}
		{6DE504E5-B5D5-43AB-A396-EB4AEAE2C2AF} = {5DA3A27D-538C-4DC2-B595-5614588069C9}
		{AA4938B0-02AF-4430-9713-4131309B870F} = {5DA3A27D-538C-4DC2-B595-5614588069C9}
	EndGlobalSection
	GlobalSection(ExtensibilityGlobals) = postSolution
		SolutionGuid = {1B01EB61-45F2-4DF5-97A2-4101DA40ACF4}
	EndGlobalSection
EndGlobal
