
Microsoft Visual Studio Solution File, Format Version 12.00
# Visual Studio Version 17
VisualStudioVersion = 17.0.32014.148
MinimumVisualStudioVersion = 10.0.40219.1
Project("{2150E333-8FDC-42A3-9474-1A3956D46DE8}") = "src", "src", "{E473358D-2D2E-4133-9CD4-FAB02CE63744}"
EndProject
Project("{2150E333-8FDC-42A3-9474-1A3956D46DE8}") = "Services", "Services", "{5F0B062A-7568-4079-80EE-25829E27C85E}"
EndProject
Project("{2150E333-8FDC-42A3-9474-1A3956D46DE8}") = "Web Apps", "Web Apps", "{06DDDBC5-244A-4C54-9CB6-1EBE75D4EB7E}"
EndProject
Project("{2150E333-8FDC-42A3-9474-1A3956D46DE8}") = "OpenTTD", "OpenTTD", "{99D5C630-95A2-4924-B3F2-E7E16E265F7F}"
EndProject
Project("{E53339B2-1760-4266-BCC7-CA923CBCF16C}") = "docker-compose", "docker-compose.dcproj", "{0DF950FE-FF81-44F3-9312-D910EB47BC56}"
EndProject
Project("{2150E333-8FDC-42A3-9474-1A3956D46DE8}") = "Shared", "Shared", "{632B2863-CDE3-4E94-B4D6-3F52520A9297}"
EndProject
Project("{9A19103F-16F7-4668-BE54-9A1E7A4F7556}") = "Common", "Shared\Common\Common.csproj", "{FDF6ECE3-4653-4685-8328-D78D4465E841}"
EndProject
Project("{FAE04EC0-301F-11D3-BF4B-00C04F79EFBC}") = "OpenTTD.AdminClient.Networking", "Shared\OpenTTD.AdminClient.Networking\OpenTTD.AdminClient.Networking.csproj", "{C33DD0A8-F5B3-4C3A-8B7A-2372FF4BDBA2}"
EndProject
Project("{FAE04EC0-301F-11D3-BF4B-00C04F79EFBC}") = "OpenTTD.AdminClient.Actors", "Services\OpenTTD\OpenTTD.AdminClient.Actors\OpenTTD.AdminClient.Actors.csproj", "{116D8E45-8961-497E-A750-DCEF5862EBEE}"
EndProject
Project("{FAE04EC0-301F-11D3-BF4B-00C04F79EFBC}") = "OpenTTD.AdminClient.API", "Services\OpenTTD\OpenTTD.AdminClient.API\OpenTTD.AdminClient.API.csproj", "{609E9FCD-01B9-4B63-8078-AE100132CE93}"
EndProject
Project("{FAE04EC0-301F-11D3-BF4B-00C04F79EFBC}") = "OpenTTD.AdminClient.Domain", "Services\OpenTTD\OpenTTD.AdminClient.Domain\OpenTTD.AdminClient.Domain.csproj", "{8565AEA5-624E-479E-BCC7-20AD29563EAB}"
EndProject
Project("{FAE04EC0-301F-11D3-BF4B-00C04F79EFBC}") = "OpenTTD.ConsoleTest", "Services\OpenTTD\OpenTTD.ConsoleTest\OpenTTD.ConsoleTest.csproj", "{646D9A39-3110-40AC-8AE9-FD40DC5DD144}"
EndProject
Project("{2150E333-8FDC-42A3-9474-1A3956D46DE8}") = "Tests", "Tests", "{7600CD3A-B014-47FB-954B-841FB0E8F1BF}"
EndProject
Project("{2150E333-8FDC-42A3-9474-1A3956D46DE8}") = "ServerAdmin", "ServerAdmin", "{CFE01489-8CAC-43E0-83C6-AC5B684B7679}"
EndProject
Project("{FAE04EC0-301F-11D3-BF4B-00C04F79EFBC}") = "OpenTTD.AdminClient.Contracts", "Services\OpenTTD\OpenTTD.AdminClient.Contracts\OpenTTD.AdminClient.Contracts.csproj", "{399D5997-14CB-48AD-9422-50EF0F01E5F8}"
EndProject
Global
	GlobalSection(SolutionConfigurationPlatforms) = preSolution
		Debug|Any CPU = Debug|Any CPU
		Release|Any CPU = Release|Any CPU
	EndGlobalSection
	GlobalSection(ProjectConfigurationPlatforms) = postSolution
		{0DF950FE-FF81-44F3-9312-D910EB47BC56}.Debug|Any CPU.ActiveCfg = Debug|Any CPU
		{0DF950FE-FF81-44F3-9312-D910EB47BC56}.Debug|Any CPU.Build.0 = Debug|Any CPU
		{0DF950FE-FF81-44F3-9312-D910EB47BC56}.Release|Any CPU.ActiveCfg = Release|Any CPU
		{0DF950FE-FF81-44F3-9312-D910EB47BC56}.Release|Any CPU.Build.0 = Release|Any CPU
		{FDF6ECE3-4653-4685-8328-D78D4465E841}.Debug|Any CPU.ActiveCfg = Debug|Any CPU
		{FDF6ECE3-4653-4685-8328-D78D4465E841}.Debug|Any CPU.Build.0 = Debug|Any CPU
		{FDF6ECE3-4653-4685-8328-D78D4465E841}.Release|Any CPU.ActiveCfg = Release|Any CPU
		{FDF6ECE3-4653-4685-8328-D78D4465E841}.Release|Any CPU.Build.0 = Release|Any CPU
		{C33DD0A8-F5B3-4C3A-8B7A-2372FF4BDBA2}.Debug|Any CPU.ActiveCfg = Debug|Any CPU
		{C33DD0A8-F5B3-4C3A-8B7A-2372FF4BDBA2}.Debug|Any CPU.Build.0 = Debug|Any CPU
		{C33DD0A8-F5B3-4C3A-8B7A-2372FF4BDBA2}.Release|Any CPU.ActiveCfg = Release|Any CPU
		{C33DD0A8-F5B3-4C3A-8B7A-2372FF4BDBA2}.Release|Any CPU.Build.0 = Release|Any CPU
		{116D8E45-8961-497E-A750-DCEF5862EBEE}.Debug|Any CPU.ActiveCfg = Debug|Any CPU
		{116D8E45-8961-497E-A750-DCEF5862EBEE}.Debug|Any CPU.Build.0 = Debug|Any CPU
		{116D8E45-8961-497E-A750-DCEF5862EBEE}.Release|Any CPU.ActiveCfg = Release|Any CPU
		{116D8E45-8961-497E-A750-DCEF5862EBEE}.Release|Any CPU.Build.0 = Release|Any CPU
		{609E9FCD-01B9-4B63-8078-AE100132CE93}.Debug|Any CPU.ActiveCfg = Debug|Any CPU
		{609E9FCD-01B9-4B63-8078-AE100132CE93}.Debug|Any CPU.Build.0 = Debug|Any CPU
		{609E9FCD-01B9-4B63-8078-AE100132CE93}.Release|Any CPU.ActiveCfg = Release|Any CPU
		{609E9FCD-01B9-4B63-8078-AE100132CE93}.Release|Any CPU.Build.0 = Release|Any CPU
		{8565AEA5-624E-479E-BCC7-20AD29563EAB}.Debug|Any CPU.ActiveCfg = Debug|Any CPU
		{8565AEA5-624E-479E-BCC7-20AD29563EAB}.Debug|Any CPU.Build.0 = Debug|Any CPU
		{8565AEA5-624E-479E-BCC7-20AD29563EAB}.Release|Any CPU.ActiveCfg = Release|Any CPU
		{8565AEA5-624E-479E-BCC7-20AD29563EAB}.Release|Any CPU.Build.0 = Release|Any CPU
		{646D9A39-3110-40AC-8AE9-FD40DC5DD144}.Debug|Any CPU.ActiveCfg = Debug|Any CPU
		{646D9A39-3110-40AC-8AE9-FD40DC5DD144}.Debug|Any CPU.Build.0 = Debug|Any CPU
		{646D9A39-3110-40AC-8AE9-FD40DC5DD144}.Release|Any CPU.ActiveCfg = Release|Any CPU
		{646D9A39-3110-40AC-8AE9-FD40DC5DD144}.Release|Any CPU.Build.0 = Release|Any CPU
		{399D5997-14CB-48AD-9422-50EF0F01E5F8}.Debug|Any CPU.ActiveCfg = Debug|Any CPU
		{399D5997-14CB-48AD-9422-50EF0F01E5F8}.Debug|Any CPU.Build.0 = Debug|Any CPU
		{399D5997-14CB-48AD-9422-50EF0F01E5F8}.Release|Any CPU.ActiveCfg = Release|Any CPU
		{399D5997-14CB-48AD-9422-50EF0F01E5F8}.Release|Any CPU.Build.0 = Release|Any CPU
	EndGlobalSection
	GlobalSection(SolutionProperties) = preSolution
		HideSolutionNode = FALSE
	EndGlobalSection
	GlobalSection(NestedProjects) = preSolution
		{5F0B062A-7568-4079-80EE-25829E27C85E} = {E473358D-2D2E-4133-9CD4-FAB02CE63744}
		{06DDDBC5-244A-4C54-9CB6-1EBE75D4EB7E} = {E473358D-2D2E-4133-9CD4-FAB02CE63744}
		{99D5C630-95A2-4924-B3F2-E7E16E265F7F} = {5F0B062A-7568-4079-80EE-25829E27C85E}
		{632B2863-CDE3-4E94-B4D6-3F52520A9297} = {E473358D-2D2E-4133-9CD4-FAB02CE63744}
		{FDF6ECE3-4653-4685-8328-D78D4465E841} = {632B2863-CDE3-4E94-B4D6-3F52520A9297}
		{7600CD3A-B014-47FB-954B-841FB0E8F1BF} = {99D5C630-95A2-4924-B3F2-E7E16E265F7F}
		{CFE01489-8CAC-43E0-83C6-AC5B684B7679} = {99D5C630-95A2-4924-B3F2-E7E16E265F7F}
		{116D8E45-8961-497E-A750-DCEF5862EBEE} = {CFE01489-8CAC-43E0-83C6-AC5B684B7679}
		{609E9FCD-01B9-4B63-8078-AE100132CE93} = {CFE01489-8CAC-43E0-83C6-AC5B684B7679}
		{8565AEA5-624E-479E-BCC7-20AD29563EAB} = {CFE01489-8CAC-43E0-83C6-AC5B684B7679}
		{C33DD0A8-F5B3-4C3A-8B7A-2372FF4BDBA2} = {CFE01489-8CAC-43E0-83C6-AC5B684B7679}
		{646D9A39-3110-40AC-8AE9-FD40DC5DD144} = {7600CD3A-B014-47FB-954B-841FB0E8F1BF}
		{399D5997-14CB-48AD-9422-50EF0F01E5F8} = {CFE01489-8CAC-43E0-83C6-AC5B684B7679}
	EndGlobalSection
	GlobalSection(ExtensibilityGlobals) = postSolution
		SolutionGuid = {1B01EB61-45F2-4DF5-97A2-4101DA40ACF4}
	EndGlobalSection
EndGlobal
