
Microsoft Visual Studio Solution File, Format Version 12.00
# Visual Studio Version 17
VisualStudioVersion = 17.0.32014.148
MinimumVisualStudioVersion = 10.0.40219.1
Project("{2150E333-8FDC-42A3-9474-1A3956D46DE8}") = "src", "src", "{E473358D-2D2E-4133-9CD4-FAB02CE63744}"
EndProject
Project("{2150E333-8FDC-42A3-9474-1A3956D46DE8}") = "Services", "Services", "{5F0B062A-7568-4079-80EE-25829E27C85E}"
EndProject
Project("{2150E333-8FDC-42A3-9474-1A3956D46DE8}") = "Bots", "Bots", "{0A1960BB-E55F-45B0-A0CA-96A5907F35C3}"
EndProject
Project("{2150E333-8FDC-42A3-9474-1A3956D46DE8}") = "Web Apps", "Web Apps", "{06DDDBC5-244A-4C54-9CB6-1EBE75D4EB7E}"
EndProject
Project("{2150E333-8FDC-42A3-9474-1A3956D46DE8}") = "Identity", "Identity", "{38040492-A654-412E-AEC9-39CF66198919}"
EndProject
Project("{2150E333-8FDC-42A3-9474-1A3956D46DE8}") = "Telegram", "Telegram", "{58410731-E251-4BCD-9F2E-1E8A04948E06}"
EndProject
Project("{2150E333-8FDC-42A3-9474-1A3956D46DE8}") = "Discord", "Discord", "{9FFA6944-84AE-4D34-AF77-4717CFD30D48}"
EndProject
Project("{2150E333-8FDC-42A3-9474-1A3956D46DE8}") = "Admin", "Admin", "{6C5F8AE3-D03D-4196-85F6-2336988DDB89}"
EndProject
Project("{2150E333-8FDC-42A3-9474-1A3956D46DE8}") = "OpenTTD", "OpenTTD", "{99D5C630-95A2-4924-B3F2-E7E16E265F7F}"
EndProject
Project("{E53339B2-1760-4266-BCC7-CA923CBCF16C}") = "docker-compose", "docker-compose.dcproj", "{0DF950FE-FF81-44F3-9312-D910EB47BC56}"
EndProject
Project("{9A19103F-16F7-4668-BE54-9A1E7A4F7556}") = "OpenTTD.Networking", "OpenTTD\OpenTTD.Networking\OpenTTD.Networking.csproj", "{D4F34FEC-020F-48F5-BEC5-8BFD449CF3F8}"
EndProject
Project("{9A19103F-16F7-4668-BE54-9A1E7A4F7556}") = "OpenTTD.Domain", "OpenTTD\OpenTTD.Domain\OpenTTD.Domain.csproj", "{96040AED-5484-47A4-836B-D2ADAEC451F2}"
EndProject
Project("{9A19103F-16F7-4668-BE54-9A1E7A4F7556}") = "OpenTTD.Actors", "OpenTTD\OpenTTD.Actors\OpenTTD.Actors.csproj", "{5BACA3B6-52C1-4DBD-8845-D3F5C70460BA}"
EndProject
Project("{9A19103F-16F7-4668-BE54-9A1E7A4F7556}") = "OpenTTD.ConsoleTest", "OpenTTD\OpenTTD.ConsoleTest\OpenTTD.ConsoleTest.csproj", "{94F7035D-80AF-4318-B76B-516E729A47A0}"
EndProject
Project("{2150E333-8FDC-42A3-9474-1A3956D46DE8}") = "Shared", "Shared", "{632B2863-CDE3-4E94-B4D6-3F52520A9297}"
EndProject
Project("{9A19103F-16F7-4668-BE54-9A1E7A4F7556}") = "Common", "Shared\Common\Common.csproj", "{FDF6ECE3-4653-4685-8328-D78D4465E841}"
EndProject
Project("{FAE04EC0-301F-11D3-BF4B-00C04F79EFBC}") = "AdminApp.Server", "WebApps\Admin\AdminApp\Server\AdminApp.Server.csproj", "{262C634E-D987-4E4D-93EA-B8593736D9EC}"
EndProject
Project("{FAE04EC0-301F-11D3-BF4B-00C04F79EFBC}") = "AdminApp.Client", "WebApps\Admin\AdminApp\Client\AdminApp.Client.csproj", "{F1D873E1-4BA2-497B-8A6E-090F8E05494F}"
EndProject
Project("{FAE04EC0-301F-11D3-BF4B-00C04F79EFBC}") = "AdminApp.Shared", "WebApps\Admin\AdminApp\Shared\AdminApp.Shared.csproj", "{0ADF1961-EA99-4AEE-8FF9-0F91D73E8846}"
EndProject
Project("{FAE04EC0-301F-11D3-BF4B-00C04F79EFBC}") = "OpenTTD.Hub", "OpenTTD\OpenTTD.Hub\OpenTTD.Hub.csproj", "{86161239-1B9C-4993-B721-940C43A0144B}"
EndProject
Global
	GlobalSection(SolutionConfigurationPlatforms) = preSolution
		Debug|Any CPU = Debug|Any CPU
		Release|Any CPU = Release|Any CPU
	EndGlobalSection
	GlobalSection(ProjectConfigurationPlatforms) = postSolution
		{0DF950FE-FF81-44F3-9312-D910EB47BC56}.Debug|Any CPU.ActiveCfg = Debug|Any CPU
		{0DF950FE-FF81-44F3-9312-D910EB47BC56}.Debug|Any CPU.Build.0 = Debug|Any CPU
		{0DF950FE-FF81-44F3-9312-D910EB47BC56}.Release|Any CPU.ActiveCfg = Release|Any CPU
		{0DF950FE-FF81-44F3-9312-D910EB47BC56}.Release|Any CPU.Build.0 = Release|Any CPU
		{D4F34FEC-020F-48F5-BEC5-8BFD449CF3F8}.Debug|Any CPU.ActiveCfg = Debug|Any CPU
		{D4F34FEC-020F-48F5-BEC5-8BFD449CF3F8}.Debug|Any CPU.Build.0 = Debug|Any CPU
		{D4F34FEC-020F-48F5-BEC5-8BFD449CF3F8}.Release|Any CPU.ActiveCfg = Release|Any CPU
		{D4F34FEC-020F-48F5-BEC5-8BFD449CF3F8}.Release|Any CPU.Build.0 = Release|Any CPU
		{96040AED-5484-47A4-836B-D2ADAEC451F2}.Debug|Any CPU.ActiveCfg = Debug|Any CPU
		{96040AED-5484-47A4-836B-D2ADAEC451F2}.Debug|Any CPU.Build.0 = Debug|Any CPU
		{96040AED-5484-47A4-836B-D2ADAEC451F2}.Release|Any CPU.ActiveCfg = Release|Any CPU
		{96040AED-5484-47A4-836B-D2ADAEC451F2}.Release|Any CPU.Build.0 = Release|Any CPU
		{5BACA3B6-52C1-4DBD-8845-D3F5C70460BA}.Debug|Any CPU.ActiveCfg = Debug|Any CPU
		{5BACA3B6-52C1-4DBD-8845-D3F5C70460BA}.Debug|Any CPU.Build.0 = Debug|Any CPU
		{5BACA3B6-52C1-4DBD-8845-D3F5C70460BA}.Release|Any CPU.ActiveCfg = Release|Any CPU
		{5BACA3B6-52C1-4DBD-8845-D3F5C70460BA}.Release|Any CPU.Build.0 = Release|Any CPU
		{94F7035D-80AF-4318-B76B-516E729A47A0}.Debug|Any CPU.ActiveCfg = Debug|Any CPU
		{94F7035D-80AF-4318-B76B-516E729A47A0}.Debug|Any CPU.Build.0 = Debug|Any CPU
		{94F7035D-80AF-4318-B76B-516E729A47A0}.Release|Any CPU.ActiveCfg = Release|Any CPU
		{94F7035D-80AF-4318-B76B-516E729A47A0}.Release|Any CPU.Build.0 = Release|Any CPU
		{FDF6ECE3-4653-4685-8328-D78D4465E841}.Debug|Any CPU.ActiveCfg = Debug|Any CPU
		{FDF6ECE3-4653-4685-8328-D78D4465E841}.Debug|Any CPU.Build.0 = Debug|Any CPU
		{FDF6ECE3-4653-4685-8328-D78D4465E841}.Release|Any CPU.ActiveCfg = Release|Any CPU
		{FDF6ECE3-4653-4685-8328-D78D4465E841}.Release|Any CPU.Build.0 = Release|Any CPU
		{262C634E-D987-4E4D-93EA-B8593736D9EC}.Debug|Any CPU.ActiveCfg = Debug|Any CPU
		{262C634E-D987-4E4D-93EA-B8593736D9EC}.Debug|Any CPU.Build.0 = Debug|Any CPU
		{262C634E-D987-4E4D-93EA-B8593736D9EC}.Release|Any CPU.ActiveCfg = Release|Any CPU
		{262C634E-D987-4E4D-93EA-B8593736D9EC}.Release|Any CPU.Build.0 = Release|Any CPU
		{F1D873E1-4BA2-497B-8A6E-090F8E05494F}.Debug|Any CPU.ActiveCfg = Debug|Any CPU
		{F1D873E1-4BA2-497B-8A6E-090F8E05494F}.Debug|Any CPU.Build.0 = Debug|Any CPU
		{F1D873E1-4BA2-497B-8A6E-090F8E05494F}.Release|Any CPU.ActiveCfg = Release|Any CPU
		{F1D873E1-4BA2-497B-8A6E-090F8E05494F}.Release|Any CPU.Build.0 = Release|Any CPU
		{0ADF1961-EA99-4AEE-8FF9-0F91D73E8846}.Debug|Any CPU.ActiveCfg = Debug|Any CPU
		{0ADF1961-EA99-4AEE-8FF9-0F91D73E8846}.Debug|Any CPU.Build.0 = Debug|Any CPU
		{0ADF1961-EA99-4AEE-8FF9-0F91D73E8846}.Release|Any CPU.ActiveCfg = Release|Any CPU
		{0ADF1961-EA99-4AEE-8FF9-0F91D73E8846}.Release|Any CPU.Build.0 = Release|Any CPU
		{86161239-1B9C-4993-B721-940C43A0144B}.Debug|Any CPU.ActiveCfg = Debug|Any CPU
		{86161239-1B9C-4993-B721-940C43A0144B}.Debug|Any CPU.Build.0 = Debug|Any CPU
		{86161239-1B9C-4993-B721-940C43A0144B}.Release|Any CPU.ActiveCfg = Release|Any CPU
		{86161239-1B9C-4993-B721-940C43A0144B}.Release|Any CPU.Build.0 = Release|Any CPU
	EndGlobalSection
	GlobalSection(SolutionProperties) = preSolution
		HideSolutionNode = FALSE
	EndGlobalSection
	GlobalSection(NestedProjects) = preSolution
		{5F0B062A-7568-4079-80EE-25829E27C85E} = {E473358D-2D2E-4133-9CD4-FAB02CE63744}
		{0A1960BB-E55F-45B0-A0CA-96A5907F35C3} = {E473358D-2D2E-4133-9CD4-FAB02CE63744}
		{06DDDBC5-244A-4C54-9CB6-1EBE75D4EB7E} = {E473358D-2D2E-4133-9CD4-FAB02CE63744}
		{38040492-A654-412E-AEC9-39CF66198919} = {5F0B062A-7568-4079-80EE-25829E27C85E}
		{58410731-E251-4BCD-9F2E-1E8A04948E06} = {0A1960BB-E55F-45B0-A0CA-96A5907F35C3}
		{9FFA6944-84AE-4D34-AF77-4717CFD30D48} = {0A1960BB-E55F-45B0-A0CA-96A5907F35C3}
		{6C5F8AE3-D03D-4196-85F6-2336988DDB89} = {06DDDBC5-244A-4C54-9CB6-1EBE75D4EB7E}
		{99D5C630-95A2-4924-B3F2-E7E16E265F7F} = {5F0B062A-7568-4079-80EE-25829E27C85E}
		{D4F34FEC-020F-48F5-BEC5-8BFD449CF3F8} = {99D5C630-95A2-4924-B3F2-E7E16E265F7F}
		{96040AED-5484-47A4-836B-D2ADAEC451F2} = {99D5C630-95A2-4924-B3F2-E7E16E265F7F}
		{5BACA3B6-52C1-4DBD-8845-D3F5C70460BA} = {99D5C630-95A2-4924-B3F2-E7E16E265F7F}
		{94F7035D-80AF-4318-B76B-516E729A47A0} = {99D5C630-95A2-4924-B3F2-E7E16E265F7F}
		{632B2863-CDE3-4E94-B4D6-3F52520A9297} = {E473358D-2D2E-4133-9CD4-FAB02CE63744}
		{FDF6ECE3-4653-4685-8328-D78D4465E841} = {632B2863-CDE3-4E94-B4D6-3F52520A9297}
		{262C634E-D987-4E4D-93EA-B8593736D9EC} = {6C5F8AE3-D03D-4196-85F6-2336988DDB89}
		{F1D873E1-4BA2-497B-8A6E-090F8E05494F} = {6C5F8AE3-D03D-4196-85F6-2336988DDB89}
		{0ADF1961-EA99-4AEE-8FF9-0F91D73E8846} = {6C5F8AE3-D03D-4196-85F6-2336988DDB89}
		{86161239-1B9C-4993-B721-940C43A0144B} = {99D5C630-95A2-4924-B3F2-E7E16E265F7F}
	EndGlobalSection
	GlobalSection(ExtensibilityGlobals) = postSolution
		SolutionGuid = {1B01EB61-45F2-4DF5-97A2-4101DA40ACF4}
	EndGlobalSection
EndGlobal
