
Microsoft Visual Studio Solution File, Format Version 12.00
# Visual Studio Version 17
VisualStudioVersion = 17.0.32014.148
MinimumVisualStudioVersion = 10.0.40219.1
Project("{2150E333-8FDC-42A3-9474-1A3956D46DE8}") = "src", "src", "{E473358D-2D2E-4133-9CD4-FAB02CE63744}"
EndProject
Project("{2150E333-8FDC-42A3-9474-1A3956D46DE8}") = "Services", "Services", "{5F0B062A-7568-4079-80EE-25829E27C85E}"
EndProject
Project("{2150E333-8FDC-42A3-9474-1A3956D46DE8}") = "Bots", "Bots", "{0A1960BB-E55F-45B0-A0CA-96A5907F35C3}"
EndProject
Project("{2150E333-8FDC-42A3-9474-1A3956D46DE8}") = "Web Apps", "Web Apps", "{06DDDBC5-244A-4C54-9CB6-1EBE75D4EB7E}"
EndProject
Project("{2150E333-8FDC-42A3-9474-1A3956D46DE8}") = "ApiGateways", "ApiGateways", "{CE214656-7325-474A-9A51-F0C329FAD8EB}"
EndProject
Project("{2150E333-8FDC-42A3-9474-1A3956D46DE8}") = "BuildingBlocks", "BuildingBlocks", "{64DEC2E6-5A43-495B-89C0-DC2AA39CECE0}"
EndProject
Project("{2150E333-8FDC-42A3-9474-1A3956D46DE8}") = "WebHost", "WebHost", "{67796711-CCF6-4C17-8580-F510B2D0C296}"
EndProject
Project("{9A19103F-16F7-4668-BE54-9A1E7A4F7556}") = "WebHost.Customization", "BuildingBlocks\WebHost\WebHost.Customization\WebHost.Customization.csproj", "{2500E0B1-FF10-436C-9844-A447E67E5E14}"
EndProject
Project("{2150E333-8FDC-42A3-9474-1A3956D46DE8}") = "Identity", "Identity", "{38040492-A654-412E-AEC9-39CF66198919}"
EndProject
Project("{2150E333-8FDC-42A3-9474-1A3956D46DE8}") = "Telegram", "Telegram", "{58410731-E251-4BCD-9F2E-1E8A04948E06}"
EndProject
Project("{2150E333-8FDC-42A3-9474-1A3956D46DE8}") = "Discord", "Discord", "{9FFA6944-84AE-4D34-AF77-4717CFD30D48}"
EndProject
Project("{9A19103F-16F7-4668-BE54-9A1E7A4F7556}") = "Bot.Telegram.API", "Bots\Telegram\Bot.Telegram.API\Bot.Telegram.API.csproj", "{34B64483-5C48-41C1-AF06-7B14C205DB12}"
EndProject
Project("{9A19103F-16F7-4668-BE54-9A1E7A4F7556}") = "Identity.API", "Services\Identity\Identity.API\Identity.API.csproj", "{1F4241C6-05B4-428C-8E96-901FD52A2083}"
EndProject
Project("{2150E333-8FDC-42A3-9474-1A3956D46DE8}") = "Admin", "Admin", "{6C5F8AE3-D03D-4196-85F6-2336988DDB89}"
EndProject
Project("{9A19103F-16F7-4668-BE54-9A1E7A4F7556}") = "Admin.Shared", "WebApps\Admin\Admin.Shared\Admin.Shared.csproj", "{6D0D05EF-2F4C-4D1B-9A58-3E221715B415}"
EndProject
Project("{2150E333-8FDC-42A3-9474-1A3956D46DE8}") = "EventBus", "EventBus", "{B9A1495D-0236-46E2-A8A1-FB41278BD781}"
EndProject
Project("{9A19103F-16F7-4668-BE54-9A1E7A4F7556}") = "EventBus", "BuildingBlocks\EventBus\EventBus\EventBus.csproj", "{980D16B1-A1C8-4648-A3D1-80B031EF0181}"
EndProject
Project("{9A19103F-16F7-4668-BE54-9A1E7A4F7556}") = "EventBusRabbitMQ", "BuildingBlocks\EventBus\EventBusRabbitMQ\EventBusRabbitMQ.csproj", "{884DA1C8-3345-4104-AA18-ECD007BF0D8B}"
EndProject
Project("{2150E333-8FDC-42A3-9474-1A3956D46DE8}") = "OpenTTD", "OpenTTD", "{99D5C630-95A2-4924-B3F2-E7E16E265F7F}"
EndProject
Project("{9A19103F-16F7-4668-BE54-9A1E7A4F7556}") = "OpenTTD.API", "Services\OpenTTD\OpenTTD.API\OpenTTD.API.csproj", "{4BF0C5BD-B1AB-43A3-A70F-CB64DDF77D73}"
EndProject
Project("{9A19103F-16F7-4668-BE54-9A1E7A4F7556}") = "Admin.Client", "WebApps\Admin\Admin.Client\Admin.Client.csproj", "{F6BEFEBF-D6CF-4721-8D9F-688864662B93}"
EndProject
Project("{9A19103F-16F7-4668-BE54-9A1E7A4F7556}") = "Admin.Server", "WebApps\Admin\Admin.Server\Admin.Server.csproj", "{FEA68BE8-5218-46BB-8F3F-2FA7A0F18BEF}"
EndProject
Project("{E53339B2-1760-4266-BCC7-CA923CBCF16C}") = "docker-compose", "docker-compose.dcproj", "{0DF950FE-FF81-44F3-9312-D910EB47BC56}"
EndProject
Global
	GlobalSection(SolutionConfigurationPlatforms) = preSolution
		Debug|Any CPU = Debug|Any CPU
		Release|Any CPU = Release|Any CPU
	EndGlobalSection
	GlobalSection(ProjectConfigurationPlatforms) = postSolution
		{2500E0B1-FF10-436C-9844-A447E67E5E14}.Debug|Any CPU.ActiveCfg = Debug|Any CPU
		{2500E0B1-FF10-436C-9844-A447E67E5E14}.Debug|Any CPU.Build.0 = Debug|Any CPU
		{2500E0B1-FF10-436C-9844-A447E67E5E14}.Release|Any CPU.ActiveCfg = Release|Any CPU
		{2500E0B1-FF10-436C-9844-A447E67E5E14}.Release|Any CPU.Build.0 = Release|Any CPU
		{34B64483-5C48-41C1-AF06-7B14C205DB12}.Debug|Any CPU.ActiveCfg = Debug|Any CPU
		{34B64483-5C48-41C1-AF06-7B14C205DB12}.Debug|Any CPU.Build.0 = Debug|Any CPU
		{34B64483-5C48-41C1-AF06-7B14C205DB12}.Release|Any CPU.ActiveCfg = Release|Any CPU
		{34B64483-5C48-41C1-AF06-7B14C205DB12}.Release|Any CPU.Build.0 = Release|Any CPU
		{1F4241C6-05B4-428C-8E96-901FD52A2083}.Debug|Any CPU.ActiveCfg = Debug|Any CPU
		{1F4241C6-05B4-428C-8E96-901FD52A2083}.Debug|Any CPU.Build.0 = Debug|Any CPU
		{1F4241C6-05B4-428C-8E96-901FD52A2083}.Release|Any CPU.ActiveCfg = Release|Any CPU
		{1F4241C6-05B4-428C-8E96-901FD52A2083}.Release|Any CPU.Build.0 = Release|Any CPU
		{6D0D05EF-2F4C-4D1B-9A58-3E221715B415}.Debug|Any CPU.ActiveCfg = Debug|Any CPU
		{6D0D05EF-2F4C-4D1B-9A58-3E221715B415}.Debug|Any CPU.Build.0 = Debug|Any CPU
		{6D0D05EF-2F4C-4D1B-9A58-3E221715B415}.Release|Any CPU.ActiveCfg = Release|Any CPU
		{6D0D05EF-2F4C-4D1B-9A58-3E221715B415}.Release|Any CPU.Build.0 = Release|Any CPU
		{980D16B1-A1C8-4648-A3D1-80B031EF0181}.Debug|Any CPU.ActiveCfg = Debug|Any CPU
		{980D16B1-A1C8-4648-A3D1-80B031EF0181}.Debug|Any CPU.Build.0 = Debug|Any CPU
		{980D16B1-A1C8-4648-A3D1-80B031EF0181}.Release|Any CPU.ActiveCfg = Release|Any CPU
		{980D16B1-A1C8-4648-A3D1-80B031EF0181}.Release|Any CPU.Build.0 = Release|Any CPU
		{884DA1C8-3345-4104-AA18-ECD007BF0D8B}.Debug|Any CPU.ActiveCfg = Debug|Any CPU
		{884DA1C8-3345-4104-AA18-ECD007BF0D8B}.Debug|Any CPU.Build.0 = Debug|Any CPU
		{884DA1C8-3345-4104-AA18-ECD007BF0D8B}.Release|Any CPU.ActiveCfg = Release|Any CPU
		{884DA1C8-3345-4104-AA18-ECD007BF0D8B}.Release|Any CPU.Build.0 = Release|Any CPU
		{4BF0C5BD-B1AB-43A3-A70F-CB64DDF77D73}.Debug|Any CPU.ActiveCfg = Debug|Any CPU
		{4BF0C5BD-B1AB-43A3-A70F-CB64DDF77D73}.Debug|Any CPU.Build.0 = Debug|Any CPU
		{4BF0C5BD-B1AB-43A3-A70F-CB64DDF77D73}.Release|Any CPU.ActiveCfg = Release|Any CPU
		{4BF0C5BD-B1AB-43A3-A70F-CB64DDF77D73}.Release|Any CPU.Build.0 = Release|Any CPU
		{F6BEFEBF-D6CF-4721-8D9F-688864662B93}.Debug|Any CPU.ActiveCfg = Debug|Any CPU
		{F6BEFEBF-D6CF-4721-8D9F-688864662B93}.Debug|Any CPU.Build.0 = Debug|Any CPU
		{F6BEFEBF-D6CF-4721-8D9F-688864662B93}.Release|Any CPU.ActiveCfg = Release|Any CPU
		{F6BEFEBF-D6CF-4721-8D9F-688864662B93}.Release|Any CPU.Build.0 = Release|Any CPU
		{FEA68BE8-5218-46BB-8F3F-2FA7A0F18BEF}.Debug|Any CPU.ActiveCfg = Debug|Any CPU
		{FEA68BE8-5218-46BB-8F3F-2FA7A0F18BEF}.Debug|Any CPU.Build.0 = Debug|Any CPU
		{FEA68BE8-5218-46BB-8F3F-2FA7A0F18BEF}.Release|Any CPU.ActiveCfg = Release|Any CPU
		{FEA68BE8-5218-46BB-8F3F-2FA7A0F18BEF}.Release|Any CPU.Build.0 = Release|Any CPU
		{0DF950FE-FF81-44F3-9312-D910EB47BC56}.Debug|Any CPU.ActiveCfg = Debug|Any CPU
		{0DF950FE-FF81-44F3-9312-D910EB47BC56}.Debug|Any CPU.Build.0 = Debug|Any CPU
		{0DF950FE-FF81-44F3-9312-D910EB47BC56}.Release|Any CPU.ActiveCfg = Release|Any CPU
		{0DF950FE-FF81-44F3-9312-D910EB47BC56}.Release|Any CPU.Build.0 = Release|Any CPU
	EndGlobalSection
	GlobalSection(SolutionProperties) = preSolution
		HideSolutionNode = FALSE
	EndGlobalSection
	GlobalSection(NestedProjects) = preSolution
		{5F0B062A-7568-4079-80EE-25829E27C85E} = {E473358D-2D2E-4133-9CD4-FAB02CE63744}
		{0A1960BB-E55F-45B0-A0CA-96A5907F35C3} = {E473358D-2D2E-4133-9CD4-FAB02CE63744}
		{06DDDBC5-244A-4C54-9CB6-1EBE75D4EB7E} = {E473358D-2D2E-4133-9CD4-FAB02CE63744}
		{CE214656-7325-474A-9A51-F0C329FAD8EB} = {E473358D-2D2E-4133-9CD4-FAB02CE63744}
		{64DEC2E6-5A43-495B-89C0-DC2AA39CECE0} = {E473358D-2D2E-4133-9CD4-FAB02CE63744}
		{67796711-CCF6-4C17-8580-F510B2D0C296} = {64DEC2E6-5A43-495B-89C0-DC2AA39CECE0}
		{2500E0B1-FF10-436C-9844-A447E67E5E14} = {67796711-CCF6-4C17-8580-F510B2D0C296}
		{38040492-A654-412E-AEC9-39CF66198919} = {5F0B062A-7568-4079-80EE-25829E27C85E}
		{58410731-E251-4BCD-9F2E-1E8A04948E06} = {0A1960BB-E55F-45B0-A0CA-96A5907F35C3}
		{9FFA6944-84AE-4D34-AF77-4717CFD30D48} = {0A1960BB-E55F-45B0-A0CA-96A5907F35C3}
		{34B64483-5C48-41C1-AF06-7B14C205DB12} = {58410731-E251-4BCD-9F2E-1E8A04948E06}
		{1F4241C6-05B4-428C-8E96-901FD52A2083} = {38040492-A654-412E-AEC9-39CF66198919}
		{6C5F8AE3-D03D-4196-85F6-2336988DDB89} = {06DDDBC5-244A-4C54-9CB6-1EBE75D4EB7E}
		{6D0D05EF-2F4C-4D1B-9A58-3E221715B415} = {6C5F8AE3-D03D-4196-85F6-2336988DDB89}
		{B9A1495D-0236-46E2-A8A1-FB41278BD781} = {64DEC2E6-5A43-495B-89C0-DC2AA39CECE0}
		{980D16B1-A1C8-4648-A3D1-80B031EF0181} = {B9A1495D-0236-46E2-A8A1-FB41278BD781}
		{884DA1C8-3345-4104-AA18-ECD007BF0D8B} = {B9A1495D-0236-46E2-A8A1-FB41278BD781}
		{99D5C630-95A2-4924-B3F2-E7E16E265F7F} = {5F0B062A-7568-4079-80EE-25829E27C85E}
		{4BF0C5BD-B1AB-43A3-A70F-CB64DDF77D73} = {99D5C630-95A2-4924-B3F2-E7E16E265F7F}
		{F6BEFEBF-D6CF-4721-8D9F-688864662B93} = {6C5F8AE3-D03D-4196-85F6-2336988DDB89}
		{FEA68BE8-5218-46BB-8F3F-2FA7A0F18BEF} = {6C5F8AE3-D03D-4196-85F6-2336988DDB89}
	EndGlobalSection
	GlobalSection(ExtensibilityGlobals) = postSolution
		SolutionGuid = {1B01EB61-45F2-4DF5-97A2-4101DA40ACF4}
	EndGlobalSection
EndGlobal
