
Microsoft Visual Studio Solution File, Format Version 12.00
Project("{2150E333-8FDC-42A3-9474-1A3956D46DE8}") = "src", "src", "{E473358D-2D2E-4133-9CD4-FAB02CE63744}"
EndProject
Project("{2150E333-8FDC-42A3-9474-1A3956D46DE8}") = "Services", "Services", "{5F0B062A-7568-4079-80EE-25829E27C85E}"
EndProject
Project("{2150E333-8FDC-42A3-9474-1A3956D46DE8}") = "Bots", "Bots", "{0A1960BB-E55F-45B0-A0CA-96A5907F35C3}"
EndProject
Project("{2150E333-8FDC-42A3-9474-1A3956D46DE8}") = "Web Apps", "Web Apps", "{06DDDBC5-244A-4C54-9CB6-1EBE75D4EB7E}"
EndProject
Project("{2150E333-8FDC-42A3-9474-1A3956D46DE8}") = "ApiGateways", "ApiGateways", "{CE214656-7325-474A-9A51-F0C329FAD8EB}"
EndProject
Project("{2150E333-8FDC-42A3-9474-1A3956D46DE8}") = "BuildingBlocks", "BuildingBlocks", "{64DEC2E6-5A43-495B-89C0-DC2AA39CECE0}"
EndProject
Project("{2150E333-8FDC-42A3-9474-1A3956D46DE8}") = "WebHost", "WebHost", "{67796711-CCF6-4C17-8580-F510B2D0C296}"
EndProject
Project("{FAE04EC0-301F-11D3-BF4B-00C04F79EFBC}") = "WebHost.Customization", "BuildingBlocks\WebHost\WebHost.Customization\WebHost.Customization.csproj", "{2500E0B1-FF10-436C-9844-A447E67E5E14}"
EndProject
Global
	GlobalSection(SolutionConfigurationPlatforms) = preSolution
		Debug|Any CPU = Debug|Any CPU
		Release|Any CPU = Release|Any CPU
	EndGlobalSection
	GlobalSection(NestedProjects) = preSolution
		{5F0B062A-7568-4079-80EE-25829E27C85E} = {E473358D-2D2E-4133-9CD4-FAB02CE63744}
		{0A1960BB-E55F-45B0-A0CA-96A5907F35C3} = {E473358D-2D2E-4133-9CD4-FAB02CE63744}
		{06DDDBC5-244A-4C54-9CB6-1EBE75D4EB7E} = {E473358D-2D2E-4133-9CD4-FAB02CE63744}
		{CE214656-7325-474A-9A51-F0C329FAD8EB} = {E473358D-2D2E-4133-9CD4-FAB02CE63744}
		{64DEC2E6-5A43-495B-89C0-DC2AA39CECE0} = {E473358D-2D2E-4133-9CD4-FAB02CE63744}
		{67796711-CCF6-4C17-8580-F510B2D0C296} = {64DEC2E6-5A43-495B-89C0-DC2AA39CECE0}
		{2500E0B1-FF10-436C-9844-A447E67E5E14} = {67796711-CCF6-4C17-8580-F510B2D0C296}
	EndGlobalSection
	GlobalSection(ProjectConfigurationPlatforms) = postSolution
		{2500E0B1-FF10-436C-9844-A447E67E5E14}.Debug|Any CPU.ActiveCfg = Debug|Any CPU
		{2500E0B1-FF10-436C-9844-A447E67E5E14}.Debug|Any CPU.Build.0 = Debug|Any CPU
		{2500E0B1-FF10-436C-9844-A447E67E5E14}.Release|Any CPU.ActiveCfg = Release|Any CPU
		{2500E0B1-FF10-436C-9844-A447E67E5E14}.Release|Any CPU.Build.0 = Release|Any CPU
	EndGlobalSection
EndGlobal
